
Microsoft Visual Studio Solution File, Format Version 12.00
# Visual Studio Version 17
VisualStudioVersion = 17.6.33723.286
MinimumVisualStudioVersion = 10.0.40219.1
Project("{FAE04EC0-301F-11D3-BF4B-00C04F79EFBC}") = "QPoolPuzzle", "QPoolPuzzle\QPoolPuzzle.csproj", "{D8750282-A43C-4505-A6A6-5898534C9C46}"
EndProject
Global
	GlobalSection(SolutionConfigurationPlatforms) = preSolution
		Debug|Any CPU = Debug|Any CPU
		Release|Any CPU = Release|Any CPU
	EndGlobalSection
	GlobalSection(ProjectConfigurationPlatforms) = postSolution
		{D8750282-A43C-4505-A6A6-5898534C9C46}.Debug|Any CPU.ActiveCfg = Debug|Any CPU
		{D8750282-A43C-4505-A6A6-5898534C9C46}.Debug|Any CPU.Build.0 = Debug|Any CPU
		{D8750282-A43C-4505-A6A6-5898534C9C46}.Release|Any CPU.ActiveCfg = Release|Any CPU
		{D8750282-A43C-4505-A6A6-5898534C9C46}.Release|Any CPU.Build.0 = Release|Any CPU
	EndGlobalSection
	GlobalSection(SolutionProperties) = preSolution
		HideSolutionNode = FALSE
	EndGlobalSection
	GlobalSection(ExtensibilityGlobals) = postSolution
		SolutionGuid = {A8221F39-2F81-4DE7-89E9-772EAD573816}
	EndGlobalSection
EndGlobal
